
Microsoft Visual Studio Solution File, Format Version 12.00
# Visual Studio Version 17
VisualStudioVersion = 17.11.35312.102
MinimumVisualStudioVersion = 10.0.40219.1
Project("{FAE04EC0-301F-11D3-BF4B-00C04F79EFBC}") = "L5T2", "L5T2\L5T2.csproj", "{73A39451-F191-4110-9E16-68D8B7942295}"
EndProject
Global
	GlobalSection(SolutionConfigurationPlatforms) = preSolution
		Debug|Any CPU = Debug|Any CPU
		Release|Any CPU = Release|Any CPU
	EndGlobalSection
	GlobalSection(ProjectConfigurationPlatforms) = postSolution
		{73A39451-F191-4110-9E16-68D8B7942295}.Debug|Any CPU.ActiveCfg = Debug|Any CPU
		{73A39451-F191-4110-9E16-68D8B7942295}.Debug|Any CPU.Build.0 = Debug|Any CPU
		{73A39451-F191-4110-9E16-68D8B7942295}.Release|Any CPU.ActiveCfg = Release|Any CPU
		{73A39451-F191-4110-9E16-68D8B7942295}.Release|Any CPU.Build.0 = Release|Any CPU
	EndGlobalSection
	GlobalSection(SolutionProperties) = preSolution
		HideSolutionNode = FALSE
	EndGlobalSection
	GlobalSection(ExtensibilityGlobals) = postSolution
		SolutionGuid = {84B64D3F-7AD3-4209-8E5B-C6640587B126}
	EndGlobalSection
EndGlobal
